
Microsoft Visual Studio Solution File, Format Version 12.00
# Visual Studio 2012
Project("{9092AA53-FB77-4645-B42D-1CCCA6BD08BD}") = "NodejsProfileTest", "NodejsProfileTest.njsproj", "{ECCD681B-143F-4F37-B208-B203C31E5088}"
EndProject
Global
	GlobalSection(SolutionConfigurationPlatforms) = preSolution
		Debug|Any CPU = Debug|Any CPU
		Release|Any CPU = Release|Any CPU
	EndGlobalSection
	GlobalSection(ProjectConfigurationPlatforms) = postSolution
		{ECCD681B-143F-4F37-B208-B203C31E5088}.Debug|Any CPU.ActiveCfg = Debug|Any CPU
		{ECCD681B-143F-4F37-B208-B203C31E5088}.Debug|Any CPU.Build.0 = Debug|Any CPU
		{ECCD681B-143F-4F37-B208-B203C31E5088}.Release|Any CPU.ActiveCfg = Release|Any CPU
		{ECCD681B-143F-4F37-B208-B203C31E5088}.Release|Any CPU.Build.0 = Release|Any CPU
	EndGlobalSection
	GlobalSection(SolutionProperties) = preSolution
		HideSolutionNode = FALSE
	EndGlobalSection
EndGlobal
