
Microsoft Visual Studio Solution File, Format Version 12.00
# Visual Studio 2013
VisualStudioVersion = 12.0.30501.0
MinimumVisualStudioVersion = 10.0.40219.1
Project("{CC5FD16D-436D-48AD-A40C-5A424C6E3E79}") = "CloudProject", "CloudProject\CloudProject\CloudProject.ccproj", "{BD42354D-3CD5-46C4-BB29-170497FD0102}"
EndProject
Project("{9092AA53-FB77-4645-B42D-1CCCA6BD08BD}") = "WebRole1", "CloudProject\WebRole1\WebRole1.njsproj", "{8ADAEBCC-7619-4393-8DD6-F99CBCF5E5CC}"
EndProject
Project("{9092AA53-FB77-4645-B42D-1CCCA6BD08BD}") = "WorkerRole1", "CloudProject\WorkerRole1\WorkerRole1.njsproj", "{745E5432-9DA6-4C2D-9E11-9A4B93E29059}"
EndProject
Global
	GlobalSection(SolutionConfigurationPlatforms) = preSolution
		Debug|Any CPU = Debug|Any CPU
		Release|Any CPU = Release|Any CPU
	EndGlobalSection
	GlobalSection(ProjectConfigurationPlatforms) = postSolution
		{BD42354D-3CD5-46C4-BB29-170497FD0102}.Debug|Any CPU.ActiveCfg = Debug|Any CPU
		{BD42354D-3CD5-46C4-BB29-170497FD0102}.Debug|Any CPU.Build.0 = Debug|Any CPU
		{BD42354D-3CD5-46C4-BB29-170497FD0102}.Release|Any CPU.ActiveCfg = Release|Any CPU
		{BD42354D-3CD5-46C4-BB29-170497FD0102}.Release|Any CPU.Build.0 = Release|Any CPU
		{8ADAEBCC-7619-4393-8DD6-F99CBCF5E5CC}.Debug|Any CPU.ActiveCfg = Debug|Any CPU
		{8ADAEBCC-7619-4393-8DD6-F99CBCF5E5CC}.Debug|Any CPU.Build.0 = Debug|Any CPU
		{8ADAEBCC-7619-4393-8DD6-F99CBCF5E5CC}.Release|Any CPU.ActiveCfg = Release|Any CPU
		{8ADAEBCC-7619-4393-8DD6-F99CBCF5E5CC}.Release|Any CPU.Build.0 = Release|Any CPU
		{745E5432-9DA6-4C2D-9E11-9A4B93E29059}.Debug|Any CPU.ActiveCfg = Debug|Any CPU
		{745E5432-9DA6-4C2D-9E11-9A4B93E29059}.Debug|Any CPU.Build.0 = Debug|Any CPU
		{745E5432-9DA6-4C2D-9E11-9A4B93E29059}.Release|Any CPU.ActiveCfg = Release|Any CPU
		{745E5432-9DA6-4C2D-9E11-9A4B93E29059}.Release|Any CPU.Build.0 = Release|Any CPU
	EndGlobalSection
	GlobalSection(SolutionProperties) = preSolution
		HideSolutionNode = FALSE
	EndGlobalSection
EndGlobal
