
Microsoft Visual Studio Solution File, Format Version 12.00
# Visual Studio 15
VisualStudioVersion = 15.0.25909.0
MinimumVisualStudioVersion = 10.0.40219.1
Project("{FAE04EC0-301F-11D3-BF4B-00C04F79EFBC}") = "VsctToXliff", "VsctToXliff.csproj", "{BBF7FD3F-26BA-4F6C-8485-F221CCA1CF6A}"
EndProject
Global
	GlobalSection(SolutionConfigurationPlatforms) = preSolution
		Debug|Any CPU = Debug|Any CPU
		Release|Any CPU = Release|Any CPU
	EndGlobalSection
	GlobalSection(ProjectConfigurationPlatforms) = postSolution
		{BBF7FD3F-26BA-4F6C-8485-F221CCA1CF6A}.Debug|Any CPU.ActiveCfg = Debug|Any CPU
		{BBF7FD3F-26BA-4F6C-8485-F221CCA1CF6A}.Debug|Any CPU.Build.0 = Debug|Any CPU
		{BBF7FD3F-26BA-4F6C-8485-F221CCA1CF6A}.Release|Any CPU.ActiveCfg = Release|Any CPU
		{BBF7FD3F-26BA-4F6C-8485-F221CCA1CF6A}.Release|Any CPU.Build.0 = Release|Any CPU
	EndGlobalSection
	GlobalSection(SolutionProperties) = preSolution
		HideSolutionNode = FALSE
	EndGlobalSection
EndGlobal
