
Microsoft Visual Studio Solution File, Format Version 12.00
# Visual Studio 2012
Project("{9092AA53-FB77-4645-B42D-1CCCA6BD08BD}") = "RequireTestApp", "RequireTestApp\RequireTestApp.njsproj", "{AC826CD2-4979-4622-843F-3415F1D9795B}"
EndProject
Global
	GlobalSection(SolutionConfigurationPlatforms) = preSolution
		Debug|x86 = Debug|x86
		Release|x86 = Release|x86
	EndGlobalSection
	GlobalSection(ProjectConfigurationPlatforms) = postSolution
		{AC826CD2-4979-4622-843F-3415F1D9795B}.Debug|x86.ActiveCfg = Debug|Any CPU
		{AC826CD2-4979-4622-843F-3415F1D9795B}.Release|x86.ActiveCfg = Release|Any CPU
	EndGlobalSection
	GlobalSection(SolutionProperties) = preSolution
		HideSolutionNode = FALSE
	EndGlobalSection
EndGlobal
