
Microsoft Visual Studio Solution File, Format Version 12.00
# Visual Studio 2013
VisualStudioVersion = 12.0.30501.0
MinimumVisualStudioVersion = 10.0.40219.1
Project("{9092AA53-FB77-4645-B42D-1CCCA6BD08BD}") = "CopyPasteRenameProjectTypeScript", "CopyPasteRenameProject\CopyPasteRenameProjectTypeScript.njsproj", "{F816C26A-4212-4A23-BB8A-518D2D2E4CE3}"
EndProject
Project("{9092AA53-FB77-4645-B42D-1CCCA6BD08BD}") = "CopyPasteRenameJavaScript", "CopyPasteRenameJs\CopyPasteRenameJavaScript.njsproj", "{49E842C0-6B9B-4C8F-9109-DD02B2DE4337}"
EndProject
Global
	GlobalSection(SolutionConfigurationPlatforms) = preSolution
		Debug|Any CPU = Debug|Any CPU
		Release|Any CPU = Release|Any CPU
	EndGlobalSection
	GlobalSection(ProjectConfigurationPlatforms) = postSolution
		{F816C26A-4212-4A23-BB8A-518D2D2E4CE3}.Debug|Any CPU.ActiveCfg = Debug|Any CPU
		{F816C26A-4212-4A23-BB8A-518D2D2E4CE3}.Debug|Any CPU.Build.0 = Debug|Any CPU
		{F816C26A-4212-4A23-BB8A-518D2D2E4CE3}.Release|Any CPU.ActiveCfg = Release|Any CPU
		{F816C26A-4212-4A23-BB8A-518D2D2E4CE3}.Release|Any CPU.Build.0 = Release|Any CPU
		{49E842C0-6B9B-4C8F-9109-DD02B2DE4337}.Debug|Any CPU.ActiveCfg = Debug|Any CPU
		{49E842C0-6B9B-4C8F-9109-DD02B2DE4337}.Debug|Any CPU.Build.0 = Debug|Any CPU
		{49E842C0-6B9B-4C8F-9109-DD02B2DE4337}.Release|Any CPU.ActiveCfg = Release|Any CPU
		{49E842C0-6B9B-4C8F-9109-DD02B2DE4337}.Release|Any CPU.Build.0 = Release|Any CPU
	EndGlobalSection
	GlobalSection(SolutionProperties) = preSolution
		HideSolutionNode = FALSE
	EndGlobalSection
EndGlobal
