
Microsoft Visual Studio Solution File, Format Version 12.00
# Visual Studio 2012
Project("{3AF33F2E-1136-4D97-BBB7-1795711AC8B8}") = "NodejsProfileTest", "NodejsProfileTest.njsproj", "{0D997B7D-661C-482F-BA12-A8F925899DE1}"
EndProject
Global
	GlobalSection(SolutionConfigurationPlatforms) = preSolution
		Debug|Any CPU = Debug|Any CPU
		Release|Any CPU = Release|Any CPU
	EndGlobalSection
	GlobalSection(ProjectConfigurationPlatforms) = postSolution
		{0D997B7D-661C-482F-BA12-A8F925899DE1}.Debug|Any CPU.ActiveCfg = Debug|Any CPU
		{0D997B7D-661C-482F-BA12-A8F925899DE1}.Release|Any CPU.ActiveCfg = Release|Any CPU
	EndGlobalSection
	GlobalSection(SolutionProperties) = preSolution
		HideSolutionNode = FALSE
	EndGlobalSection
EndGlobal
