
Microsoft Visual Studio Solution File, Format Version 12.00
# Visual Studio Version 17
VisualStudioVersion = 17.5.33128.475
MinimumVisualStudioVersion = 10.0.40219.1
Project("{9A19103F-16F7-4668-BE54-9A1E7A4F7556}") = "Migrate", "Migrate\Migrate.csproj", "{D76ECBEB-53B6-4288-B316-19D6A47885C0}"
EndProject
Global
	GlobalSection(SolutionConfigurationPlatforms) = preSolution
		Debug|Any CPU = Debug|Any CPU
		Release|Any CPU = Release|Any CPU
	EndGlobalSection
	GlobalSection(ProjectConfigurationPlatforms) = postSolution
		{D76ECBEB-53B6-4288-B316-19D6A47885C0}.Debug|Any CPU.ActiveCfg = Debug|Any CPU
		{D76ECBEB-53B6-4288-B316-19D6A47885C0}.Debug|Any CPU.Build.0 = Debug|Any CPU
		{D76ECBEB-53B6-4288-B316-19D6A47885C0}.Release|Any CPU.ActiveCfg = Release|Any CPU
		{D76ECBEB-53B6-4288-B316-19D6A47885C0}.Release|Any CPU.Build.0 = Release|Any CPU
	EndGlobalSection
	GlobalSection(SolutionProperties) = preSolution
		HideSolutionNode = FALSE
	EndGlobalSection
	GlobalSection(ExtensibilityGlobals) = postSolution
		SolutionGuid = {C6D3C37C-CBD2-4C87-8155-83692396CBFB}
	EndGlobalSection
EndGlobal
