
Microsoft Visual Studio Solution File, Format Version 12.00
# Visual Studio 2012
Project("{9092AA53-FB77-4645-B42D-1CCCA6BD08BD}") = "NodejsProjectPropertiesTest", "NodejsProjectPropertiesTest\NodejsProjectPropertiesTest.njsproj", "{AE67E79B-05AB-479A-AC6F-075049D74131}"
EndProject
Global
	GlobalSection(SolutionConfigurationPlatforms) = preSolution
		Debug|Any CPU = Debug|Any CPU
		Release|Any CPU = Release|Any CPU
	EndGlobalSection
	GlobalSection(ProjectConfigurationPlatforms) = postSolution
		{AE67E79B-05AB-479A-AC6F-075049D74131}.Debug|Any CPU.ActiveCfg = Debug|Any CPU
		{AE67E79B-05AB-479A-AC6F-075049D74131}.Release|Any CPU.ActiveCfg = Release|Any CPU
	EndGlobalSection
	GlobalSection(SolutionProperties) = preSolution
		HideSolutionNode = FALSE
	EndGlobalSection
EndGlobal
