
Microsoft Visual Studio Solution File, Format Version 12.00
# Visual Studio Version 17
VisualStudioVersion = 17.0.31717.387
MinimumVisualStudioVersion = 10.0.40219.1
Project("{FAE04EC0-301F-11D3-BF4B-00C04F79EFBC}") = "NodejsTools", "NodejsTools.vsmanproj", "{D9BADB3D-B6E9-4A54-8196-9374CFB93DA9}"
EndProject
Project("{2150E333-8FDC-42A3-9474-1A3956D46DE8}") = "Setup", "Setup", "{8AB8B6AC-77EB-47E7-904F-422588542C4D}"
EndProject
Global
	GlobalSection(SolutionConfigurationPlatforms) = preSolution
		Debug|Any CPU = Debug|Any CPU
		Debug|x86 = Debug|x86
		Release|Any CPU = Release|Any CPU
		Release|x86 = Release|x86
	EndGlobalSection
	GlobalSection(ProjectConfigurationPlatforms) = postSolution
		{D9BADB3D-B6E9-4A54-8196-9374CFB93DA9}.Debug|Any CPU.ActiveCfg = Debug|Any CPU
		{D9BADB3D-B6E9-4A54-8196-9374CFB93DA9}.Debug|Any CPU.Build.0 = Debug|Any CPU
		{D9BADB3D-B6E9-4A54-8196-9374CFB93DA9}.Debug|x86.ActiveCfg = Debug|Any CPU
		{D9BADB3D-B6E9-4A54-8196-9374CFB93DA9}.Debug|x86.Build.0 = Debug|Any CPU
		{D9BADB3D-B6E9-4A54-8196-9374CFB93DA9}.Release|Any CPU.ActiveCfg = Release|Any CPU
		{D9BADB3D-B6E9-4A54-8196-9374CFB93DA9}.Release|Any CPU.Build.0 = Release|Any CPU
		{D9BADB3D-B6E9-4A54-8196-9374CFB93DA9}.Release|x86.ActiveCfg = Release|Any CPU
		{D9BADB3D-B6E9-4A54-8196-9374CFB93DA9}.Release|x86.Build.0 = Release|Any CPU
	EndGlobalSection
	GlobalSection(SolutionProperties) = preSolution
		HideSolutionNode = FALSE
	EndGlobalSection
	GlobalSection(NestedProjects) = preSolution
		{D9BADB3D-B6E9-4A54-8196-9374CFB93DA9} = {8AB8B6AC-77EB-47E7-904F-422588542C4D}
	EndGlobalSection
	GlobalSection(ExtensibilityGlobals) = postSolution
		SolutionGuid = {B1CAB318-7961-42BF-A7B1-FBDB3EC225E9}
	EndGlobalSection
EndGlobal
