
Microsoft Visual Studio Solution File, Format Version 12.00
# Visual Studio 2013
VisualStudioVersion = 12.0.21005.1
MinimumVisualStudioVersion = 10.0.40219.1
Project("{9092AA53-FB77-4645-B42D-1CCCA6BD08BD}") = "HelloWorld2", "HelloWorld2.njsproj", "{8CBE2D41-F383-4BE5-85C0-B6EB9619B6D6}"
EndProject
Global
	GlobalSection(SolutionConfigurationPlatforms) = preSolution
		Debug|Any CPU = Debug|Any CPU
		Release|Any CPU = Release|Any CPU
	EndGlobalSection
	GlobalSection(ProjectConfigurationPlatforms) = postSolution
		{8CBE2D41-F383-4BE5-85C0-B6EB9619B6D6}.Debug|Any CPU.ActiveCfg = Debug|Any CPU
		{8CBE2D41-F383-4BE5-85C0-B6EB9619B6D6}.Debug|Any CPU.Build.0 = Debug|Any CPU
		{8CBE2D41-F383-4BE5-85C0-B6EB9619B6D6}.Release|Any CPU.ActiveCfg = Release|Any CPU
		{8CBE2D41-F383-4BE5-85C0-B6EB9619B6D6}.Release|Any CPU.Build.0 = Release|Any CPU
	EndGlobalSection
	GlobalSection(SolutionProperties) = preSolution
		HideSolutionNode = FALSE
	EndGlobalSection
EndGlobal
