
Microsoft Visual Studio Solution File, Format Version 12.00
# Visual Studio 2012
Project("{FAE04EC0-301F-11D3-BF4B-00C04F79EFBC}") = "Nodejs", "Product\Nodejs\Nodejs.csproj", "{32EC5259-98DA-40CA-9E2D-1B1B2E966F88}"
EndProject
Project("{FAE04EC0-301F-11D3-BF4B-00C04F79EFBC}") = "ReferenceGenerator", "Product\ReferenceGenerator\ReferenceGenerator.csproj", "{81FBB417-19B2-4E70-857E-D4564B77AD8F}"
EndProject
Project("{FAE04EC0-301F-11D3-BF4B-00C04F79EFBC}") = "NodejsTests", "Tests\Core\NodejsTests.csproj", "{240A6D2B-1982-4BC5-B1EA-C6CB0492329D}"
EndProject
Project("{FAE04EC0-301F-11D3-BF4B-00C04F79EFBC}") = "TestUtilities", "..\Common\Tests\Utilities\TestUtilities.csproj", "{D092D54E-FF29-4D32-9AEE-4EF704C92F67}"
EndProject
Project("{FAE04EC0-301F-11D3-BF4B-00C04F79EFBC}") = "TestUtilities.UI", "..\Common\Tests\Utilities.UI\TestUtilities.UI.csproj", "{E8150EBC-6B62-40BF-BF91-1DC60149B530}"
EndProject
Project("{FAE04EC0-301F-11D3-BF4B-00C04F79EFBC}") = "Profiling", "Product\Profiling\Profiling.csproj", "{C42B194E-3333-45E8-BB26-D69D1A51EF0B}"
EndProject
Project("{FAE04EC0-301F-11D3-BF4B-00C04F79EFBC}") = "ProfilerTests", "Tests\Profiling\ProfilerTests.csproj", "{F18AF6F7-F534-44BE-B5DE-44D6EFFF947D}"
EndProject
Project("{FAE04EC0-301F-11D3-BF4B-00C04F79EFBC}") = "LogConverter", "Product\LogConverter\LogConverter.csproj", "{9A69745F-546D-40A0-8770-7E5B9ED0C82F}"
EndProject
Project("{FAE04EC0-301F-11D3-BF4B-00C04F79EFBC}") = "ProfilerUITests", "Tests\Profiling.UI\ProfilerUITests.csproj", "{C88DF887-5CF2-4591-A268-69339D396D88}"
EndProject
Project("{FAE04EC0-301F-11D3-BF4B-00C04F79EFBC}") = "TestUtilities.UI.Nodejs", "Tests\Utilities.UI\TestUtilities.UI.Nodejs.csproj", "{A731C4C3-3741-4080-A946-C47574C1F3BF}"
EndProject
Project("{FAE04EC0-301F-11D3-BF4B-00C04F79EFBC}") = "Nodejs.Tests.UI", "Tests\Core.UI\Nodejs.Tests.UI.csproj", "{8BA25AF0-477B-435C-8A23-970F2ADCED33}"
EndProject
Project("{FAE04EC0-301F-11D3-BF4B-00C04F79EFBC}") = "InteractiveWindow", "Product\InteractiveWindow\InteractiveWindow.csproj", "{24A3887F-DA50-4989-8D6C-4A5B04D5D457}"
EndProject
Project("{FAE04EC0-301F-11D3-BF4B-00C04F79EFBC}") = "AjaxMinDll", "Product\AjaxMinDll\AjaxMinDll.csproj", "{DFDB930E-1162-4514-A91D-C8595A807F13}"
EndProject
Project("{2150E333-8FDC-42A3-9474-1A3956D46DE8}") = "Product", "Product", "{F9719B35-F359-47A7-A2F8-34F42E53C809}"
EndProject
Project("{2150E333-8FDC-42A3-9474-1A3956D46DE8}") = "Tests", "Tests", "{850AC94A-310F-4F88-A553-2806D7732BD1}"
EndProject
Project("{FAE04EC0-301F-11D3-BF4B-00C04F79EFBC}") = "TestUtilities.Nodejs", "Tests\Utilities.Nodejs\TestUtilities.Nodejs.csproj", "{9E395BA3-765E-4F35-A520-19F1C323D625}"
EndProject
Project("{FAE04EC0-301F-11D3-BF4B-00C04F79EFBC}") = "SharedProject", "..\Common\Tests\SharedProject\SharedProject.csproj", "{F8E4A9D2-7621-491F-9D37-C578E833AC02}"
EndProject
Project("{FAE04EC0-301F-11D3-BF4B-00C04F79EFBC}") = "TestSccPackage", "..\Common\Tests\SccPackage\TestSccPackage.csproj", "{E75E5DB1-0EA0-4247-A830-FE467C016816}"
EndProject
Project("{FAE04EC0-301F-11D3-BF4B-00C04F79EFBC}") = "ProjectWizard", "Product\ProjectWizard\ProjectWizard.csproj", "{DBC73DF7-1B4C-48BE-8B48-715297487E7A}"
EndProject
Global
	GlobalSection(TeamFoundationVersionControl) = preSolution
		SccNumberOfProjects = 18
		SccEnterpriseProvider = {4CA58AB2-18FA-4F8D-95D4-32DDF27D184C}
		SccTeamFoundationServer = http://tcvstf:8080/tfs/tc
		SccLocalPath0 = .
		SccProjectUniqueName1 = Product\\AjaxMinDll\\AjaxMinDll.csproj
		SccProjectTopLevelParentUniqueName1 = NodejsTools.sln
		SccProjectName1 = Product/AjaxMinDll
		SccLocalPath1 = Product\\AjaxMinDll
		SccProjectUniqueName2 = Product\\InteractiveWindow\\InteractiveWindow.csproj
		SccProjectTopLevelParentUniqueName2 = NodejsTools.sln
		SccProjectName2 = Product/InteractiveWindow
		SccLocalPath2 = Product\\InteractiveWindow
		SccProjectUniqueName3 = Product\\ReferenceGenerator\\ReferenceGenerator.csproj
		SccProjectTopLevelParentUniqueName3 = NodejsTools.sln
		SccProjectName3 = Product/ReferenceGenerator
		SccLocalPath3 = Product\\ReferenceGenerator
		SccProjectUniqueName4 = Product\\LogConverter\\LogConverter.csproj
		SccProjectTopLevelParentUniqueName4 = NodejsTools.sln
		SccProjectName4 = Product/LogConverter
		SccLocalPath4 = Product\\LogConverter
		SccProjectUniqueName5 = Product\\Profiling\\Profiling.csproj
		SccProjectTopLevelParentUniqueName5 = NodejsTools.sln
		SccProjectName5 = Product/Profiling
		SccLocalPath5 = Product\\Profiling
		SccProjectUniqueName6 = Tests\\Profiling\\ProfilerTests.csproj
		SccProjectTopLevelParentUniqueName6 = NodejsTools.sln
		SccProjectName6 = Tests/Profiling
		SccLocalPath6 = Tests\\Profiling
		SccProjectUniqueName7 = Tests\\Profiling.UI\\ProfilerUITests.csproj
		SccProjectTopLevelParentUniqueName7 = NodejsTools.sln
		SccProjectName7 = Tests/Profiling.UI
		SccLocalPath7 = Tests\\Profiling.UI
		SccProjectUniqueName8 = Tests\\Utilities.UI\\TestUtilities.UI.Nodejs.csproj
		SccProjectTopLevelParentUniqueName8 = NodejsTools.sln
		SccProjectName8 = Tests/Utilities.UI
		SccLocalPath8 = Tests\\Utilities.UI
		SccProjectUniqueName9 = Tests\\Core.UI\\Nodejs.Tests.UI.csproj
		SccProjectTopLevelParentUniqueName9 = NodejsTools.sln
		SccProjectName9 = Tests/Core.UI
		SccLocalPath9 = Tests\\Core.UI
		SccProjectUniqueName10 = ..\\Common\\Tests\\Utilities\\TestUtilities.csproj
		SccProjectTopLevelParentUniqueName10 = NodejsTools.sln
		SccProjectName10 = ../Common/Tests/Utilities
		SccLocalPath10 = ..\\Common\\Tests\\Utilities
		SccProjectUniqueName11 = ..\\Common\\Tests\\Utilities.UI\\TestUtilities.UI.csproj
		SccProjectTopLevelParentUniqueName11 = NodejsTools.sln
		SccProjectName11 = ../Common/Tests/Utilities.UI
		SccLocalPath11 = ..\\Common\\Tests\\Utilities.UI
		SccProjectUniqueName12 = Tests\\Utilities.Nodejs\\TestUtilities.Nodejs.csproj
		SccProjectTopLevelParentUniqueName12 = NodejsTools.sln
		SccProjectName12 = Tests/Utilities.Nodejs
		SccLocalPath12 = Tests\\Utilities.Nodejs
		SccProjectUniqueName13 = Tests\\Core\\NodejsTests.csproj
		SccProjectTopLevelParentUniqueName13 = NodejsTools.sln
		SccProjectName13 = Tests/Core
		SccLocalPath13 = Tests\\Core
		SccProjectUniqueName14 = ..\\Common\\Tests\\SharedProject\\SharedProject.csproj
		SccProjectTopLevelParentUniqueName14 = NodejsTools.sln
		SccProjectName14 = ../Common/Tests/SharedProject
		SccLocalPath14 = ..\\Common\\Tests\\SharedProject
		SccProjectUniqueName15 = Product\\Nodejs\\Nodejs.csproj
		SccProjectTopLevelParentUniqueName15 = NodejsTools.sln
		SccProjectName15 = Product/Nodejs
		SccLocalPath15 = Product\\Nodejs
		SccProjectUniqueName16 = ..\\Common\\Tests\\SccPackage\\TestSccPackage.csproj
		SccProjectTopLevelParentUniqueName16 = NodejsTools.sln
		SccProjectName16 = ../Common/Tests/SccPackage
		SccLocalPath16 = ..\\Common\\Tests\\SccPackage
		SccProjectUniqueName17 = Product\\ProjectWizard\\ProjectWizard.csproj
		SccProjectTopLevelParentUniqueName17 = NodejsTools.sln
		SccProjectName17 = Product/ProjectWizard
		SccLocalPath17 = Product\\ProjectWizard
	EndGlobalSection
	GlobalSection(SolutionConfigurationPlatforms) = preSolution
		Debug|x86 = Debug|x86
		Release|x86 = Release|x86
	EndGlobalSection
	GlobalSection(ProjectConfigurationPlatforms) = postSolution
		{32EC5259-98DA-40CA-9E2D-1B1B2E966F88}.Debug|x86.ActiveCfg = Debug|x86
		{32EC5259-98DA-40CA-9E2D-1B1B2E966F88}.Debug|x86.Build.0 = Debug|x86
		{32EC5259-98DA-40CA-9E2D-1B1B2E966F88}.Release|x86.ActiveCfg = Release|x86
		{32EC5259-98DA-40CA-9E2D-1B1B2E966F88}.Release|x86.Build.0 = Release|x86
		{81FBB417-19B2-4E70-857E-D4564B77AD8F}.Debug|x86.ActiveCfg = Debug|x86
		{81FBB417-19B2-4E70-857E-D4564B77AD8F}.Debug|x86.Build.0 = Debug|x86
		{81FBB417-19B2-4E70-857E-D4564B77AD8F}.Release|x86.ActiveCfg = Release|x86
		{81FBB417-19B2-4E70-857E-D4564B77AD8F}.Release|x86.Build.0 = Release|x86
		{240A6D2B-1982-4BC5-B1EA-C6CB0492329D}.Debug|x86.ActiveCfg = Debug|x86
		{240A6D2B-1982-4BC5-B1EA-C6CB0492329D}.Debug|x86.Build.0 = Debug|x86
		{240A6D2B-1982-4BC5-B1EA-C6CB0492329D}.Release|x86.ActiveCfg = Release|x86
		{240A6D2B-1982-4BC5-B1EA-C6CB0492329D}.Release|x86.Build.0 = Release|x86
		{D092D54E-FF29-4D32-9AEE-4EF704C92F67}.Debug|x86.ActiveCfg = Debug|x86
		{D092D54E-FF29-4D32-9AEE-4EF704C92F67}.Debug|x86.Build.0 = Debug|x86
		{D092D54E-FF29-4D32-9AEE-4EF704C92F67}.Release|x86.ActiveCfg = Release|x86
		{D092D54E-FF29-4D32-9AEE-4EF704C92F67}.Release|x86.Build.0 = Release|x86
		{E8150EBC-6B62-40BF-BF91-1DC60149B530}.Debug|x86.ActiveCfg = Debug|x86
		{E8150EBC-6B62-40BF-BF91-1DC60149B530}.Debug|x86.Build.0 = Debug|x86
		{E8150EBC-6B62-40BF-BF91-1DC60149B530}.Release|x86.ActiveCfg = Release|x86
		{E8150EBC-6B62-40BF-BF91-1DC60149B530}.Release|x86.Build.0 = Release|x86
		{C42B194E-3333-45E8-BB26-D69D1A51EF0B}.Debug|x86.ActiveCfg = Debug|x86
		{C42B194E-3333-45E8-BB26-D69D1A51EF0B}.Debug|x86.Build.0 = Debug|x86
		{C42B194E-3333-45E8-BB26-D69D1A51EF0B}.Release|x86.ActiveCfg = Release|x86
		{C42B194E-3333-45E8-BB26-D69D1A51EF0B}.Release|x86.Build.0 = Release|x86
		{F18AF6F7-F534-44BE-B5DE-44D6EFFF947D}.Debug|x86.ActiveCfg = Debug|x86
		{F18AF6F7-F534-44BE-B5DE-44D6EFFF947D}.Debug|x86.Build.0 = Debug|x86
		{F18AF6F7-F534-44BE-B5DE-44D6EFFF947D}.Release|x86.ActiveCfg = Release|x86
		{F18AF6F7-F534-44BE-B5DE-44D6EFFF947D}.Release|x86.Build.0 = Release|x86
		{9A69745F-546D-40A0-8770-7E5B9ED0C82F}.Debug|x86.ActiveCfg = Debug|x86
		{9A69745F-546D-40A0-8770-7E5B9ED0C82F}.Debug|x86.Build.0 = Debug|x86
		{9A69745F-546D-40A0-8770-7E5B9ED0C82F}.Release|x86.ActiveCfg = Release|x86
		{9A69745F-546D-40A0-8770-7E5B9ED0C82F}.Release|x86.Build.0 = Release|x86
		{C88DF887-5CF2-4591-A268-69339D396D88}.Debug|x86.ActiveCfg = Debug|x86
		{C88DF887-5CF2-4591-A268-69339D396D88}.Debug|x86.Build.0 = Debug|x86
		{C88DF887-5CF2-4591-A268-69339D396D88}.Release|x86.ActiveCfg = Release|x86
		{C88DF887-5CF2-4591-A268-69339D396D88}.Release|x86.Build.0 = Release|x86
		{A731C4C3-3741-4080-A946-C47574C1F3BF}.Debug|x86.ActiveCfg = Debug|x86
		{A731C4C3-3741-4080-A946-C47574C1F3BF}.Debug|x86.Build.0 = Debug|x86
		{A731C4C3-3741-4080-A946-C47574C1F3BF}.Release|x86.ActiveCfg = Release|x86
		{A731C4C3-3741-4080-A946-C47574C1F3BF}.Release|x86.Build.0 = Release|x86
		{8BA25AF0-477B-435C-8A23-970F2ADCED33}.Debug|x86.ActiveCfg = Debug|x86
		{8BA25AF0-477B-435C-8A23-970F2ADCED33}.Debug|x86.Build.0 = Debug|x86
		{8BA25AF0-477B-435C-8A23-970F2ADCED33}.Release|x86.ActiveCfg = Release|x86
		{8BA25AF0-477B-435C-8A23-970F2ADCED33}.Release|x86.Build.0 = Release|x86
		{24A3887F-DA50-4989-8D6C-4A5B04D5D457}.Debug|x86.ActiveCfg = Debug|x86
		{24A3887F-DA50-4989-8D6C-4A5B04D5D457}.Debug|x86.Build.0 = Debug|x86
		{24A3887F-DA50-4989-8D6C-4A5B04D5D457}.Release|x86.ActiveCfg = Release|x86
		{24A3887F-DA50-4989-8D6C-4A5B04D5D457}.Release|x86.Build.0 = Release|x86
		{DFDB930E-1162-4514-A91D-C8595A807F13}.Debug|x86.ActiveCfg = Debug|x86
		{DFDB930E-1162-4514-A91D-C8595A807F13}.Debug|x86.Build.0 = Debug|x86
		{DFDB930E-1162-4514-A91D-C8595A807F13}.Release|x86.ActiveCfg = Release|x86
		{DFDB930E-1162-4514-A91D-C8595A807F13}.Release|x86.Build.0 = Release|x86
		{9E395BA3-765E-4F35-A520-19F1C323D625}.Debug|x86.ActiveCfg = Debug|Any CPU
		{9E395BA3-765E-4F35-A520-19F1C323D625}.Debug|x86.Build.0 = Debug|Any CPU
		{9E395BA3-765E-4F35-A520-19F1C323D625}.Release|x86.ActiveCfg = Release|Any CPU
		{9E395BA3-765E-4F35-A520-19F1C323D625}.Release|x86.Build.0 = Release|Any CPU
		{F8E4A9D2-7621-491F-9D37-C578E833AC02}.Debug|x86.ActiveCfg = Debug|Any CPU
		{F8E4A9D2-7621-491F-9D37-C578E833AC02}.Debug|x86.Build.0 = Debug|Any CPU
		{F8E4A9D2-7621-491F-9D37-C578E833AC02}.Release|x86.ActiveCfg = Release|Any CPU
		{F8E4A9D2-7621-491F-9D37-C578E833AC02}.Release|x86.Build.0 = Release|Any CPU
		{E75E5DB1-0EA0-4247-A830-FE467C016816}.Debug|x86.ActiveCfg = Debug|x86
		{E75E5DB1-0EA0-4247-A830-FE467C016816}.Debug|x86.Build.0 = Debug|x86
		{E75E5DB1-0EA0-4247-A830-FE467C016816}.Release|x86.ActiveCfg = Release|x86
		{E75E5DB1-0EA0-4247-A830-FE467C016816}.Release|x86.Build.0 = Release|x86
		{DBC73DF7-1B4C-48BE-8B48-715297487E7A}.Debug|x86.ActiveCfg = Debug|Any CPU
		{DBC73DF7-1B4C-48BE-8B48-715297487E7A}.Debug|x86.Build.0 = Debug|Any CPU
		{DBC73DF7-1B4C-48BE-8B48-715297487E7A}.Release|x86.ActiveCfg = Release|Any CPU
	EndGlobalSection
	GlobalSection(SolutionProperties) = preSolution
		HideSolutionNode = FALSE
	EndGlobalSection
	GlobalSection(NestedProjects) = preSolution
		{81FBB417-19B2-4E70-857E-D4564B77AD8F} = {F9719B35-F359-47A7-A2F8-34F42E53C809}
		{C42B194E-3333-45E8-BB26-D69D1A51EF0B} = {F9719B35-F359-47A7-A2F8-34F42E53C809}
		{9A69745F-546D-40A0-8770-7E5B9ED0C82F} = {F9719B35-F359-47A7-A2F8-34F42E53C809}
		{24A3887F-DA50-4989-8D6C-4A5B04D5D457} = {F9719B35-F359-47A7-A2F8-34F42E53C809}
		{DFDB930E-1162-4514-A91D-C8595A807F13} = {F9719B35-F359-47A7-A2F8-34F42E53C809}
		{32EC5259-98DA-40CA-9E2D-1B1B2E966F88} = {F9719B35-F359-47A7-A2F8-34F42E53C809}
		{DBC73DF7-1B4C-48BE-8B48-715297487E7A} = {F9719B35-F359-47A7-A2F8-34F42E53C809}
		{D092D54E-FF29-4D32-9AEE-4EF704C92F67} = {850AC94A-310F-4F88-A553-2806D7732BD1}
		{E8150EBC-6B62-40BF-BF91-1DC60149B530} = {850AC94A-310F-4F88-A553-2806D7732BD1}
		{F18AF6F7-F534-44BE-B5DE-44D6EFFF947D} = {850AC94A-310F-4F88-A553-2806D7732BD1}
		{C88DF887-5CF2-4591-A268-69339D396D88} = {850AC94A-310F-4F88-A553-2806D7732BD1}
		{A731C4C3-3741-4080-A946-C47574C1F3BF} = {850AC94A-310F-4F88-A553-2806D7732BD1}
		{8BA25AF0-477B-435C-8A23-970F2ADCED33} = {850AC94A-310F-4F88-A553-2806D7732BD1}
		{240A6D2B-1982-4BC5-B1EA-C6CB0492329D} = {850AC94A-310F-4F88-A553-2806D7732BD1}
		{9E395BA3-765E-4F35-A520-19F1C323D625} = {850AC94A-310F-4F88-A553-2806D7732BD1}
		{F8E4A9D2-7621-491F-9D37-C578E833AC02} = {850AC94A-310F-4F88-A553-2806D7732BD1}
		{E75E5DB1-0EA0-4247-A830-FE467C016816} = {850AC94A-310F-4F88-A553-2806D7732BD1}
	EndGlobalSection
EndGlobal
