
Microsoft Visual Studio Solution File, Format Version 12.00
# Visual Studio 14
VisualStudioVersion = 14.0.23020.0
MinimumVisualStudioVersion = 10.0.40219.1
Project("{FAE04EC0-301F-11D3-BF4B-00C04F79EFBC}") = "Nodejs", "Product\Nodejs\Nodejs.csproj", "{32EC5259-98DA-40CA-9E2D-1B1B2E966F88}"
	ProjectSection(ProjectDependencies) = postProject
		{5085DF35-3A32-4894-835E-E5A3956D4F57} = {5085DF35-3A32-4894-835E-E5A3956D4F57}
		{CB61D8BD-48DC-40F4-A4BA-5B68A10A7481} = {CB61D8BD-48DC-40F4-A4BA-5B68A10A7481}
	EndProjectSection
EndProject
Project("{FAE04EC0-301F-11D3-BF4B-00C04F79EFBC}") = "ReferenceGenerator", "Product\ReferenceGenerator\ReferenceGenerator.csproj", "{81FBB417-19B2-4E70-857E-D4564B77AD8F}"
EndProject
Project("{FAE04EC0-301F-11D3-BF4B-00C04F79EFBC}") = "NodejsTests", "Tests\Core\NodejsTests.csproj", "{240A6D2B-1982-4BC5-B1EA-C6CB0492329D}"
EndProject
Project("{FAE04EC0-301F-11D3-BF4B-00C04F79EFBC}") = "TestUtilities", "..\Common\Tests\Utilities\TestUtilities.csproj", "{D092D54E-FF29-4D32-9AEE-4EF704C92F67}"
EndProject
Project("{FAE04EC0-301F-11D3-BF4B-00C04F79EFBC}") = "TestUtilities.UI", "..\Common\Tests\Utilities.UI\TestUtilities.UI.csproj", "{E8150EBC-6B62-40BF-BF91-1DC60149B530}"
	ProjectSection(ProjectDependencies) = postProject
		{A390E1C0-0D90-4A9E-8413-3E959BB07292} = {A390E1C0-0D90-4A9E-8413-3E959BB07292}
	EndProjectSection
EndProject
Project("{FAE04EC0-301F-11D3-BF4B-00C04F79EFBC}") = "Profiling", "Product\Profiling\Profiling.csproj", "{C42B194E-3333-45E8-BB26-D69D1A51EF0B}"
	ProjectSection(ProjectDependencies) = postProject
		{9A69745F-546D-40A0-8770-7E5B9ED0C82F} = {9A69745F-546D-40A0-8770-7E5B9ED0C82F}
	EndProjectSection
EndProject
Project("{FAE04EC0-301F-11D3-BF4B-00C04F79EFBC}") = "ProfilerTests", "Tests\Profiling\ProfilerTests.csproj", "{F18AF6F7-F534-44BE-B5DE-44D6EFFF947D}"
EndProject
Project("{FAE04EC0-301F-11D3-BF4B-00C04F79EFBC}") = "LogConverter", "Product\LogConverter\LogConverter.csproj", "{9A69745F-546D-40A0-8770-7E5B9ED0C82F}"
EndProject
Project("{FAE04EC0-301F-11D3-BF4B-00C04F79EFBC}") = "ProfilerUITests", "Tests\Profiling.UI\ProfilerUITests.csproj", "{C88DF887-5CF2-4591-A268-69339D396D88}"
EndProject
Project("{FAE04EC0-301F-11D3-BF4B-00C04F79EFBC}") = "TestUtilities.UI.Nodejs", "Tests\Utilities.UI\TestUtilities.UI.Nodejs.csproj", "{A731C4C3-3741-4080-A946-C47574C1F3BF}"
EndProject
Project("{FAE04EC0-301F-11D3-BF4B-00C04F79EFBC}") = "Nodejs.Tests.UI", "Tests\Core.UI\Nodejs.Tests.UI.csproj", "{8BA25AF0-477B-435C-8A23-970F2ADCED33}"
EndProject
Project("{FAE04EC0-301F-11D3-BF4B-00C04F79EFBC}") = "InteractiveWindow", "Product\InteractiveWindow\InteractiveWindow.csproj", "{24A3887F-DA50-4989-8D6C-4A5B04D5D457}"
EndProject
Project("{FAE04EC0-301F-11D3-BF4B-00C04F79EFBC}") = "Analysis", "Product\Analysis\Analysis.csproj", "{DFDB930E-1162-4514-A91D-C8595A807F13}"
EndProject
Project("{2150E333-8FDC-42A3-9474-1A3956D46DE8}") = "Product", "Product", "{F9719B35-F359-47A7-A2F8-34F42E53C809}"
EndProject
Project("{2150E333-8FDC-42A3-9474-1A3956D46DE8}") = "Tests", "Tests", "{850AC94A-310F-4F88-A553-2806D7732BD1}"
EndProject
Project("{FAE04EC0-301F-11D3-BF4B-00C04F79EFBC}") = "TestUtilities.Nodejs", "Tests\Utilities.Nodejs\TestUtilities.Nodejs.csproj", "{9E395BA3-765E-4F35-A520-19F1C323D625}"
EndProject
Project("{FAE04EC0-301F-11D3-BF4B-00C04F79EFBC}") = "SharedProjectTests", "..\Common\Tests\SharedProjectTests\SharedProjectTests.csproj", "{F8E4A9D2-7621-491F-9D37-C578E833AC02}"
EndProject
Project("{FAE04EC0-301F-11D3-BF4B-00C04F79EFBC}") = "TestSccPackage", "..\Common\Tests\SccPackage\TestSccPackage.csproj", "{E75E5DB1-0EA0-4247-A830-FE467C016816}"
EndProject
Project("{FAE04EC0-301F-11D3-BF4B-00C04F79EFBC}") = "ProjectWizard", "Product\ProjectWizard\ProjectWizard.csproj", "{DBC73DF7-1B4C-48BE-8B48-715297487E7A}"
EndProject
Project("{FAE04EC0-301F-11D3-BF4B-00C04F79EFBC}") = "WebRole", "Product\WebRole\WebRole.csproj", "{712D84EC-B2A6-46D1-B030-BA697AE5E554}"
EndProject
Project("{FAE04EC0-301F-11D3-BF4B-00C04F79EFBC}") = "Npm", "Product\Npm\Npm.csproj", "{E5EF4B0A-AB41-4B98-8FA8-98D6348003A8}"
EndProject
Project("{FAE04EC0-301F-11D3-BF4B-00C04F79EFBC}") = "NpmTests", "Tests\NpmTests\NpmTests.csproj", "{95494195-DCA4-4633-B78B-2087836C11D0}"
EndProject
Project("{FAE04EC0-301F-11D3-BF4B-00C04F79EFBC}") = "TestAdapter", "Product\TestAdapter\TestAdapter.csproj", "{5085DF35-3A32-4894-835E-E5A3956D4F57}"
EndProject
Project("{FAE04EC0-301F-11D3-BF4B-00C04F79EFBC}") = "TestAdapterTests", "Tests\TestAdapterTests\TestAdapterTests.csproj", "{3FC57837-519D-4980-A8E8-DC5879DDA002}"
EndProject
Project("{FAE04EC0-301F-11D3-BF4B-00C04F79EFBC}") = "AzurePublishing.Tests.UI", "Tests\AzurePublishing.UI\AzurePublishing.Tests.UI.csproj", "{F2DCA606-EA73-47B6-940C-0793AC9D07BE}"
EndProject
Project("{FAE04EC0-301F-11D3-BF4B-00C04F79EFBC}") = "PressAnyKey", "Product\PressAnyKey\PressAnyKey.csproj", "{CB61D8BD-48DC-40F4-A4BA-5B68A10A7481}"
EndProject
Project("{FAE04EC0-301F-11D3-BF4B-00C04F79EFBC}") = "JSAnalysisTests", "Tests\AnalysisTests\JSAnalysisTests.csproj", "{C2FA3ADC-95A6-47ED-9010-A86EDE081A73}"
EndProject
Project("{FAE04EC0-301F-11D3-BF4B-00C04F79EFBC}") = "AnalysisDriver", "Tests\AnalysisDriver\AnalysisDriver.csproj", "{F83AC573-0546-4BC5-A3F3-BA0261636778}"
EndProject
Project("{FAE04EC0-301F-11D3-BF4B-00C04F79EFBC}") = "MockVsTests", "..\Common\Tests\MockVsTests\MockVsTests.csproj", "{A390E1C0-0D90-4A9E-8413-3E959BB07292}"
EndProject
Project("{FAE04EC0-301F-11D3-BF4B-00C04F79EFBC}") = "TypeScriptSourceMapReader", "Product\TypeScriptSourceMapReader\TypeScriptSourceMapReader.csproj", "{61A8D7EF-B83E-4C21-9479-BA832357E42C}"
EndProject
Global
	GlobalSection(SolutionConfigurationPlatforms) = preSolution
		Debug|Any CPU = Debug|Any CPU
		Debug|x86 = Debug|x86
		Release|Any CPU = Release|Any CPU
		Release|x86 = Release|x86
	EndGlobalSection
	GlobalSection(ProjectConfigurationPlatforms) = postSolution
		{32EC5259-98DA-40CA-9E2D-1B1B2E966F88}.Debug|Any CPU.ActiveCfg = Debug|x86
		{32EC5259-98DA-40CA-9E2D-1B1B2E966F88}.Debug|x86.ActiveCfg = Debug|x86
		{32EC5259-98DA-40CA-9E2D-1B1B2E966F88}.Debug|x86.Build.0 = Debug|x86
		{32EC5259-98DA-40CA-9E2D-1B1B2E966F88}.Release|Any CPU.ActiveCfg = Release|x86
		{32EC5259-98DA-40CA-9E2D-1B1B2E966F88}.Release|x86.ActiveCfg = Release|x86
		{32EC5259-98DA-40CA-9E2D-1B1B2E966F88}.Release|x86.Build.0 = Release|x86
		{81FBB417-19B2-4E70-857E-D4564B77AD8F}.Debug|Any CPU.ActiveCfg = Debug|x86
		{81FBB417-19B2-4E70-857E-D4564B77AD8F}.Debug|x86.ActiveCfg = Debug|x86
		{81FBB417-19B2-4E70-857E-D4564B77AD8F}.Debug|x86.Build.0 = Debug|x86
		{81FBB417-19B2-4E70-857E-D4564B77AD8F}.Release|Any CPU.ActiveCfg = Release|x86
		{81FBB417-19B2-4E70-857E-D4564B77AD8F}.Release|x86.ActiveCfg = Release|x86
		{81FBB417-19B2-4E70-857E-D4564B77AD8F}.Release|x86.Build.0 = Release|x86
		{240A6D2B-1982-4BC5-B1EA-C6CB0492329D}.Debug|Any CPU.ActiveCfg = Debug|x86
		{240A6D2B-1982-4BC5-B1EA-C6CB0492329D}.Debug|x86.ActiveCfg = Debug|x86
		{240A6D2B-1982-4BC5-B1EA-C6CB0492329D}.Debug|x86.Build.0 = Debug|x86
		{240A6D2B-1982-4BC5-B1EA-C6CB0492329D}.Release|Any CPU.ActiveCfg = Release|x86
		{240A6D2B-1982-4BC5-B1EA-C6CB0492329D}.Release|x86.ActiveCfg = Release|x86
		{240A6D2B-1982-4BC5-B1EA-C6CB0492329D}.Release|x86.Build.0 = Release|x86
		{D092D54E-FF29-4D32-9AEE-4EF704C92F67}.Debug|Any CPU.ActiveCfg = Debug|x86
		{D092D54E-FF29-4D32-9AEE-4EF704C92F67}.Debug|x86.ActiveCfg = Debug|x86
		{D092D54E-FF29-4D32-9AEE-4EF704C92F67}.Debug|x86.Build.0 = Debug|x86
		{D092D54E-FF29-4D32-9AEE-4EF704C92F67}.Release|Any CPU.ActiveCfg = Release|x86
		{D092D54E-FF29-4D32-9AEE-4EF704C92F67}.Release|x86.ActiveCfg = Release|x86
		{D092D54E-FF29-4D32-9AEE-4EF704C92F67}.Release|x86.Build.0 = Release|x86
		{E8150EBC-6B62-40BF-BF91-1DC60149B530}.Debug|Any CPU.ActiveCfg = Debug|x86
		{E8150EBC-6B62-40BF-BF91-1DC60149B530}.Debug|x86.ActiveCfg = Debug|x86
		{E8150EBC-6B62-40BF-BF91-1DC60149B530}.Debug|x86.Build.0 = Debug|x86
		{E8150EBC-6B62-40BF-BF91-1DC60149B530}.Release|Any CPU.ActiveCfg = Release|x86
		{E8150EBC-6B62-40BF-BF91-1DC60149B530}.Release|x86.ActiveCfg = Release|x86
		{E8150EBC-6B62-40BF-BF91-1DC60149B530}.Release|x86.Build.0 = Release|x86
		{C42B194E-3333-45E8-BB26-D69D1A51EF0B}.Debug|Any CPU.ActiveCfg = Debug|x86
		{C42B194E-3333-45E8-BB26-D69D1A51EF0B}.Debug|x86.ActiveCfg = Debug|x86
		{C42B194E-3333-45E8-BB26-D69D1A51EF0B}.Debug|x86.Build.0 = Debug|x86
		{C42B194E-3333-45E8-BB26-D69D1A51EF0B}.Release|Any CPU.ActiveCfg = Release|x86
		{C42B194E-3333-45E8-BB26-D69D1A51EF0B}.Release|x86.ActiveCfg = Release|x86
		{C42B194E-3333-45E8-BB26-D69D1A51EF0B}.Release|x86.Build.0 = Release|x86
		{F18AF6F7-F534-44BE-B5DE-44D6EFFF947D}.Debug|Any CPU.ActiveCfg = Debug|x86
		{F18AF6F7-F534-44BE-B5DE-44D6EFFF947D}.Debug|x86.ActiveCfg = Debug|x86
		{F18AF6F7-F534-44BE-B5DE-44D6EFFF947D}.Debug|x86.Build.0 = Debug|x86
		{F18AF6F7-F534-44BE-B5DE-44D6EFFF947D}.Release|Any CPU.ActiveCfg = Release|x86
		{F18AF6F7-F534-44BE-B5DE-44D6EFFF947D}.Release|x86.ActiveCfg = Release|x86
		{F18AF6F7-F534-44BE-B5DE-44D6EFFF947D}.Release|x86.Build.0 = Release|x86
		{9A69745F-546D-40A0-8770-7E5B9ED0C82F}.Debug|Any CPU.ActiveCfg = Debug|x86
		{9A69745F-546D-40A0-8770-7E5B9ED0C82F}.Debug|x86.ActiveCfg = Debug|x86
		{9A69745F-546D-40A0-8770-7E5B9ED0C82F}.Debug|x86.Build.0 = Debug|x86
		{9A69745F-546D-40A0-8770-7E5B9ED0C82F}.Release|Any CPU.ActiveCfg = Release|x86
		{9A69745F-546D-40A0-8770-7E5B9ED0C82F}.Release|x86.ActiveCfg = Release|x86
		{9A69745F-546D-40A0-8770-7E5B9ED0C82F}.Release|x86.Build.0 = Release|x86
		{C88DF887-5CF2-4591-A268-69339D396D88}.Debug|Any CPU.ActiveCfg = Debug|x86
		{C88DF887-5CF2-4591-A268-69339D396D88}.Debug|x86.ActiveCfg = Debug|x86
		{C88DF887-5CF2-4591-A268-69339D396D88}.Debug|x86.Build.0 = Debug|x86
		{C88DF887-5CF2-4591-A268-69339D396D88}.Release|Any CPU.ActiveCfg = Release|x86
		{C88DF887-5CF2-4591-A268-69339D396D88}.Release|x86.ActiveCfg = Release|x86
		{C88DF887-5CF2-4591-A268-69339D396D88}.Release|x86.Build.0 = Release|x86
		{A731C4C3-3741-4080-A946-C47574C1F3BF}.Debug|Any CPU.ActiveCfg = Debug|x86
		{A731C4C3-3741-4080-A946-C47574C1F3BF}.Debug|x86.ActiveCfg = Debug|x86
		{A731C4C3-3741-4080-A946-C47574C1F3BF}.Debug|x86.Build.0 = Debug|x86
		{A731C4C3-3741-4080-A946-C47574C1F3BF}.Release|Any CPU.ActiveCfg = Release|x86
		{A731C4C3-3741-4080-A946-C47574C1F3BF}.Release|x86.ActiveCfg = Release|x86
		{A731C4C3-3741-4080-A946-C47574C1F3BF}.Release|x86.Build.0 = Release|x86
		{8BA25AF0-477B-435C-8A23-970F2ADCED33}.Debug|Any CPU.ActiveCfg = Debug|x86
		{8BA25AF0-477B-435C-8A23-970F2ADCED33}.Debug|x86.ActiveCfg = Debug|x86
		{8BA25AF0-477B-435C-8A23-970F2ADCED33}.Debug|x86.Build.0 = Debug|x86
		{8BA25AF0-477B-435C-8A23-970F2ADCED33}.Release|Any CPU.ActiveCfg = Release|x86
		{8BA25AF0-477B-435C-8A23-970F2ADCED33}.Release|x86.ActiveCfg = Release|x86
		{8BA25AF0-477B-435C-8A23-970F2ADCED33}.Release|x86.Build.0 = Release|x86
		{24A3887F-DA50-4989-8D6C-4A5B04D5D457}.Debug|Any CPU.ActiveCfg = Debug|x86
		{24A3887F-DA50-4989-8D6C-4A5B04D5D457}.Debug|x86.ActiveCfg = Debug|x86
		{24A3887F-DA50-4989-8D6C-4A5B04D5D457}.Debug|x86.Build.0 = Debug|x86
		{24A3887F-DA50-4989-8D6C-4A5B04D5D457}.Release|Any CPU.ActiveCfg = Release|x86
		{24A3887F-DA50-4989-8D6C-4A5B04D5D457}.Release|x86.ActiveCfg = Release|x86
		{24A3887F-DA50-4989-8D6C-4A5B04D5D457}.Release|x86.Build.0 = Release|x86
		{DFDB930E-1162-4514-A91D-C8595A807F13}.Debug|Any CPU.ActiveCfg = Debug|x86
		{DFDB930E-1162-4514-A91D-C8595A807F13}.Debug|x86.ActiveCfg = Debug|x86
		{DFDB930E-1162-4514-A91D-C8595A807F13}.Debug|x86.Build.0 = Debug|x86
		{DFDB930E-1162-4514-A91D-C8595A807F13}.Release|Any CPU.ActiveCfg = Release|x86
		{DFDB930E-1162-4514-A91D-C8595A807F13}.Release|x86.ActiveCfg = Release|x86
		{DFDB930E-1162-4514-A91D-C8595A807F13}.Release|x86.Build.0 = Release|x86
		{9E395BA3-765E-4F35-A520-19F1C323D625}.Debug|Any CPU.ActiveCfg = Debug|Any CPU
		{9E395BA3-765E-4F35-A520-19F1C323D625}.Debug|Any CPU.Build.0 = Debug|Any CPU
		{9E395BA3-765E-4F35-A520-19F1C323D625}.Debug|x86.ActiveCfg = Debug|Any CPU
		{9E395BA3-765E-4F35-A520-19F1C323D625}.Debug|x86.Build.0 = Debug|Any CPU
		{9E395BA3-765E-4F35-A520-19F1C323D625}.Release|Any CPU.ActiveCfg = Release|Any CPU
		{9E395BA3-765E-4F35-A520-19F1C323D625}.Release|Any CPU.Build.0 = Release|Any CPU
		{9E395BA3-765E-4F35-A520-19F1C323D625}.Release|x86.ActiveCfg = Release|Any CPU
		{9E395BA3-765E-4F35-A520-19F1C323D625}.Release|x86.Build.0 = Release|Any CPU
		{F8E4A9D2-7621-491F-9D37-C578E833AC02}.Debug|Any CPU.ActiveCfg = Debug|Any CPU
		{F8E4A9D2-7621-491F-9D37-C578E833AC02}.Debug|Any CPU.Build.0 = Debug|Any CPU
		{F8E4A9D2-7621-491F-9D37-C578E833AC02}.Debug|x86.ActiveCfg = Debug|Any CPU
		{F8E4A9D2-7621-491F-9D37-C578E833AC02}.Debug|x86.Build.0 = Debug|Any CPU
		{F8E4A9D2-7621-491F-9D37-C578E833AC02}.Release|Any CPU.ActiveCfg = Release|Any CPU
		{F8E4A9D2-7621-491F-9D37-C578E833AC02}.Release|Any CPU.Build.0 = Release|Any CPU
		{F8E4A9D2-7621-491F-9D37-C578E833AC02}.Release|x86.ActiveCfg = Release|Any CPU
		{F8E4A9D2-7621-491F-9D37-C578E833AC02}.Release|x86.Build.0 = Release|Any CPU
		{E75E5DB1-0EA0-4247-A830-FE467C016816}.Debug|Any CPU.ActiveCfg = Debug|x86
		{E75E5DB1-0EA0-4247-A830-FE467C016816}.Debug|x86.ActiveCfg = Debug|x86
		{E75E5DB1-0EA0-4247-A830-FE467C016816}.Debug|x86.Build.0 = Debug|x86
		{E75E5DB1-0EA0-4247-A830-FE467C016816}.Release|Any CPU.ActiveCfg = Release|x86
		{E75E5DB1-0EA0-4247-A830-FE467C016816}.Release|x86.ActiveCfg = Release|x86
		{E75E5DB1-0EA0-4247-A830-FE467C016816}.Release|x86.Build.0 = Release|x86
		{DBC73DF7-1B4C-48BE-8B48-715297487E7A}.Debug|Any CPU.ActiveCfg = Debug|Any CPU
		{DBC73DF7-1B4C-48BE-8B48-715297487E7A}.Debug|Any CPU.Build.0 = Debug|Any CPU
		{DBC73DF7-1B4C-48BE-8B48-715297487E7A}.Debug|x86.ActiveCfg = Debug|Any CPU
		{DBC73DF7-1B4C-48BE-8B48-715297487E7A}.Debug|x86.Build.0 = Debug|Any CPU
		{DBC73DF7-1B4C-48BE-8B48-715297487E7A}.Release|Any CPU.ActiveCfg = Release|Any CPU
		{DBC73DF7-1B4C-48BE-8B48-715297487E7A}.Release|Any CPU.Build.0 = Release|Any CPU
		{DBC73DF7-1B4C-48BE-8B48-715297487E7A}.Release|x86.ActiveCfg = Release|Any CPU
		{DBC73DF7-1B4C-48BE-8B48-715297487E7A}.Release|x86.Build.0 = Release|Any CPU
		{712D84EC-B2A6-46D1-B030-BA697AE5E554}.Debug|Any CPU.ActiveCfg = Debug|Any CPU
		{712D84EC-B2A6-46D1-B030-BA697AE5E554}.Debug|Any CPU.Build.0 = Debug|Any CPU
		{712D84EC-B2A6-46D1-B030-BA697AE5E554}.Debug|x86.ActiveCfg = Debug|Any CPU
		{712D84EC-B2A6-46D1-B030-BA697AE5E554}.Debug|x86.Build.0 = Debug|Any CPU
		{712D84EC-B2A6-46D1-B030-BA697AE5E554}.Release|Any CPU.ActiveCfg = Release|Any CPU
		{712D84EC-B2A6-46D1-B030-BA697AE5E554}.Release|Any CPU.Build.0 = Release|Any CPU
		{712D84EC-B2A6-46D1-B030-BA697AE5E554}.Release|x86.ActiveCfg = Release|Any CPU
		{712D84EC-B2A6-46D1-B030-BA697AE5E554}.Release|x86.Build.0 = Release|Any CPU
		{E5EF4B0A-AB41-4B98-8FA8-98D6348003A8}.Debug|Any CPU.ActiveCfg = Debug|x86
		{E5EF4B0A-AB41-4B98-8FA8-98D6348003A8}.Debug|x86.ActiveCfg = Debug|x86
		{E5EF4B0A-AB41-4B98-8FA8-98D6348003A8}.Debug|x86.Build.0 = Debug|x86
		{E5EF4B0A-AB41-4B98-8FA8-98D6348003A8}.Release|Any CPU.ActiveCfg = Release|x86
		{E5EF4B0A-AB41-4B98-8FA8-98D6348003A8}.Release|x86.ActiveCfg = Release|x86
		{E5EF4B0A-AB41-4B98-8FA8-98D6348003A8}.Release|x86.Build.0 = Release|x86
		{95494195-DCA4-4633-B78B-2087836C11D0}.Debug|Any CPU.ActiveCfg = Debug|x86
		{95494195-DCA4-4633-B78B-2087836C11D0}.Debug|x86.ActiveCfg = Debug|x86
		{95494195-DCA4-4633-B78B-2087836C11D0}.Debug|x86.Build.0 = Debug|x86
		{95494195-DCA4-4633-B78B-2087836C11D0}.Release|Any CPU.ActiveCfg = Release|x86
		{95494195-DCA4-4633-B78B-2087836C11D0}.Release|x86.ActiveCfg = Release|x86
		{95494195-DCA4-4633-B78B-2087836C11D0}.Release|x86.Build.0 = Release|x86
		{5085DF35-3A32-4894-835E-E5A3956D4F57}.Debug|Any CPU.ActiveCfg = Debug|Any CPU
		{5085DF35-3A32-4894-835E-E5A3956D4F57}.Debug|Any CPU.Build.0 = Debug|Any CPU
		{5085DF35-3A32-4894-835E-E5A3956D4F57}.Debug|x86.ActiveCfg = Debug|Any CPU
		{5085DF35-3A32-4894-835E-E5A3956D4F57}.Debug|x86.Build.0 = Debug|Any CPU
		{5085DF35-3A32-4894-835E-E5A3956D4F57}.Release|Any CPU.ActiveCfg = Release|Any CPU
		{5085DF35-3A32-4894-835E-E5A3956D4F57}.Release|Any CPU.Build.0 = Release|Any CPU
		{5085DF35-3A32-4894-835E-E5A3956D4F57}.Release|x86.ActiveCfg = Release|Any CPU
		{5085DF35-3A32-4894-835E-E5A3956D4F57}.Release|x86.Build.0 = Release|Any CPU
		{3FC57837-519D-4980-A8E8-DC5879DDA002}.Debug|Any CPU.ActiveCfg = Debug|x86
		{3FC57837-519D-4980-A8E8-DC5879DDA002}.Debug|x86.ActiveCfg = Debug|x86
		{3FC57837-519D-4980-A8E8-DC5879DDA002}.Debug|x86.Build.0 = Debug|x86
		{3FC57837-519D-4980-A8E8-DC5879DDA002}.Release|Any CPU.ActiveCfg = Release|x86
		{3FC57837-519D-4980-A8E8-DC5879DDA002}.Release|x86.ActiveCfg = Release|x86
		{3FC57837-519D-4980-A8E8-DC5879DDA002}.Release|x86.Build.0 = Release|x86
		{F2DCA606-EA73-47B6-940C-0793AC9D07BE}.Debug|Any CPU.ActiveCfg = Debug|x86
		{F2DCA606-EA73-47B6-940C-0793AC9D07BE}.Debug|x86.ActiveCfg = Debug|x86
		{F2DCA606-EA73-47B6-940C-0793AC9D07BE}.Debug|x86.Build.0 = Debug|x86
		{F2DCA606-EA73-47B6-940C-0793AC9D07BE}.Release|Any CPU.ActiveCfg = Release|x86
		{F2DCA606-EA73-47B6-940C-0793AC9D07BE}.Release|x86.ActiveCfg = Release|x86
		{F2DCA606-EA73-47B6-940C-0793AC9D07BE}.Release|x86.Build.0 = Release|x86
		{CB61D8BD-48DC-40F4-A4BA-5B68A10A7481}.Debug|Any CPU.ActiveCfg = Debug|x86
		{CB61D8BD-48DC-40F4-A4BA-5B68A10A7481}.Debug|x86.ActiveCfg = Debug|x86
		{CB61D8BD-48DC-40F4-A4BA-5B68A10A7481}.Debug|x86.Build.0 = Debug|x86
		{CB61D8BD-48DC-40F4-A4BA-5B68A10A7481}.Release|Any CPU.ActiveCfg = Release|x86
		{CB61D8BD-48DC-40F4-A4BA-5B68A10A7481}.Release|x86.ActiveCfg = Release|x86
		{CB61D8BD-48DC-40F4-A4BA-5B68A10A7481}.Release|x86.Build.0 = Release|x86
		{C2FA3ADC-95A6-47ED-9010-A86EDE081A73}.Debug|Any CPU.ActiveCfg = Debug|x86
		{C2FA3ADC-95A6-47ED-9010-A86EDE081A73}.Debug|x86.ActiveCfg = Debug|x86
		{C2FA3ADC-95A6-47ED-9010-A86EDE081A73}.Debug|x86.Build.0 = Debug|x86
		{C2FA3ADC-95A6-47ED-9010-A86EDE081A73}.Release|Any CPU.ActiveCfg = Release|x86
		{C2FA3ADC-95A6-47ED-9010-A86EDE081A73}.Release|x86.ActiveCfg = Release|x86
		{C2FA3ADC-95A6-47ED-9010-A86EDE081A73}.Release|x86.Build.0 = Release|x86
		{F83AC573-0546-4BC5-A3F3-BA0261636778}.Debug|Any CPU.ActiveCfg = Debug|x86
		{F83AC573-0546-4BC5-A3F3-BA0261636778}.Debug|x86.ActiveCfg = Debug|x86
		{F83AC573-0546-4BC5-A3F3-BA0261636778}.Debug|x86.Build.0 = Debug|x86
		{F83AC573-0546-4BC5-A3F3-BA0261636778}.Release|Any CPU.ActiveCfg = Release|x86
		{F83AC573-0546-4BC5-A3F3-BA0261636778}.Release|x86.ActiveCfg = Release|x86
		{F83AC573-0546-4BC5-A3F3-BA0261636778}.Release|x86.Build.0 = Release|x86
		{A390E1C0-0D90-4A9E-8413-3E959BB07292}.Debug|Any CPU.ActiveCfg = Debug|x86
		{A390E1C0-0D90-4A9E-8413-3E959BB07292}.Debug|x86.ActiveCfg = Debug|x86
		{A390E1C0-0D90-4A9E-8413-3E959BB07292}.Debug|x86.Build.0 = Debug|x86
		{A390E1C0-0D90-4A9E-8413-3E959BB07292}.Release|Any CPU.ActiveCfg = Release|x86
		{A390E1C0-0D90-4A9E-8413-3E959BB07292}.Release|x86.ActiveCfg = Release|x86
		{A390E1C0-0D90-4A9E-8413-3E959BB07292}.Release|x86.Build.0 = Release|x86
		{61A8D7EF-B83E-4C21-9479-BA832357E42C}.Debug|Any CPU.ActiveCfg = Debug|Any CPU
		{61A8D7EF-B83E-4C21-9479-BA832357E42C}.Debug|Any CPU.Build.0 = Debug|Any CPU
		{61A8D7EF-B83E-4C21-9479-BA832357E42C}.Debug|x86.ActiveCfg = Debug|Any CPU
		{61A8D7EF-B83E-4C21-9479-BA832357E42C}.Debug|x86.Build.0 = Debug|Any CPU
		{61A8D7EF-B83E-4C21-9479-BA832357E42C}.Release|Any CPU.ActiveCfg = Debug|Any CPU
		{61A8D7EF-B83E-4C21-9479-BA832357E42C}.Release|Any CPU.Build.0 = Debug|Any CPU
		{61A8D7EF-B83E-4C21-9479-BA832357E42C}.Release|x86.ActiveCfg = Debug|Any CPU
		{61A8D7EF-B83E-4C21-9479-BA832357E42C}.Release|x86.Build.0 = Debug|Any CPU
	EndGlobalSection
	GlobalSection(SolutionProperties) = preSolution
		HideSolutionNode = FALSE
	EndGlobalSection
	GlobalSection(NestedProjects) = preSolution
		{32EC5259-98DA-40CA-9E2D-1B1B2E966F88} = {F9719B35-F359-47A7-A2F8-34F42E53C809}
		{81FBB417-19B2-4E70-857E-D4564B77AD8F} = {F9719B35-F359-47A7-A2F8-34F42E53C809}
		{240A6D2B-1982-4BC5-B1EA-C6CB0492329D} = {850AC94A-310F-4F88-A553-2806D7732BD1}
		{D092D54E-FF29-4D32-9AEE-4EF704C92F67} = {850AC94A-310F-4F88-A553-2806D7732BD1}
		{E8150EBC-6B62-40BF-BF91-1DC60149B530} = {850AC94A-310F-4F88-A553-2806D7732BD1}
		{C42B194E-3333-45E8-BB26-D69D1A51EF0B} = {F9719B35-F359-47A7-A2F8-34F42E53C809}
		{F18AF6F7-F534-44BE-B5DE-44D6EFFF947D} = {850AC94A-310F-4F88-A553-2806D7732BD1}
		{9A69745F-546D-40A0-8770-7E5B9ED0C82F} = {F9719B35-F359-47A7-A2F8-34F42E53C809}
		{C88DF887-5CF2-4591-A268-69339D396D88} = {850AC94A-310F-4F88-A553-2806D7732BD1}
		{A731C4C3-3741-4080-A946-C47574C1F3BF} = {850AC94A-310F-4F88-A553-2806D7732BD1}
		{8BA25AF0-477B-435C-8A23-970F2ADCED33} = {850AC94A-310F-4F88-A553-2806D7732BD1}
		{24A3887F-DA50-4989-8D6C-4A5B04D5D457} = {F9719B35-F359-47A7-A2F8-34F42E53C809}
		{DFDB930E-1162-4514-A91D-C8595A807F13} = {F9719B35-F359-47A7-A2F8-34F42E53C809}
		{9E395BA3-765E-4F35-A520-19F1C323D625} = {850AC94A-310F-4F88-A553-2806D7732BD1}
		{F8E4A9D2-7621-491F-9D37-C578E833AC02} = {850AC94A-310F-4F88-A553-2806D7732BD1}
		{E75E5DB1-0EA0-4247-A830-FE467C016816} = {850AC94A-310F-4F88-A553-2806D7732BD1}
		{DBC73DF7-1B4C-48BE-8B48-715297487E7A} = {F9719B35-F359-47A7-A2F8-34F42E53C809}
		{712D84EC-B2A6-46D1-B030-BA697AE5E554} = {F9719B35-F359-47A7-A2F8-34F42E53C809}
		{E5EF4B0A-AB41-4B98-8FA8-98D6348003A8} = {F9719B35-F359-47A7-A2F8-34F42E53C809}
		{95494195-DCA4-4633-B78B-2087836C11D0} = {850AC94A-310F-4F88-A553-2806D7732BD1}
		{5085DF35-3A32-4894-835E-E5A3956D4F57} = {F9719B35-F359-47A7-A2F8-34F42E53C809}
		{3FC57837-519D-4980-A8E8-DC5879DDA002} = {850AC94A-310F-4F88-A553-2806D7732BD1}
		{F2DCA606-EA73-47B6-940C-0793AC9D07BE} = {850AC94A-310F-4F88-A553-2806D7732BD1}
		{CB61D8BD-48DC-40F4-A4BA-5B68A10A7481} = {F9719B35-F359-47A7-A2F8-34F42E53C809}
		{C2FA3ADC-95A6-47ED-9010-A86EDE081A73} = {850AC94A-310F-4F88-A553-2806D7732BD1}
		{F83AC573-0546-4BC5-A3F3-BA0261636778} = {850AC94A-310F-4F88-A553-2806D7732BD1}
		{A390E1C0-0D90-4A9E-8413-3E959BB07292} = {850AC94A-310F-4F88-A553-2806D7732BD1}
		{61A8D7EF-B83E-4C21-9479-BA832357E42C} = {F9719B35-F359-47A7-A2F8-34F42E53C809}
	EndGlobalSection
EndGlobal
