
Microsoft Visual Studio Solution File, Format Version 12.00
# Visual Studio 15
VisualStudioVersion = 15.0.27019.1
MinimumVisualStudioVersion = 10.0.40219.1
Project("{FAE04EC0-301F-11D3-BF4B-00C04F79EFBC}") = "Nodejs", "Product\Nodejs\Nodejs.csproj", "{32EC5259-98DA-40CA-9E2D-1B1B2E966F88}"
	ProjectSection(ProjectDependencies) = postProject
		{CB61D8BD-48DC-40F4-A4BA-5B68A10A7481} = {CB61D8BD-48DC-40F4-A4BA-5B68A10A7481}
	EndProjectSection
EndProject
Project("{FAE04EC0-301F-11D3-BF4B-00C04F79EFBC}") = "InteractiveWindow", "Product\InteractiveWindow\InteractiveWindow.csproj", "{24A3887F-DA50-4989-8D6C-4A5B04D5D457}"
EndProject
Project("{2150E333-8FDC-42A3-9474-1A3956D46DE8}") = "Product", "Product", "{F9719B35-F359-47A7-A2F8-34F42E53C809}"
EndProject
Project("{FAE04EC0-301F-11D3-BF4B-00C04F79EFBC}") = "ProjectWizard", "Product\ProjectWizard\ProjectWizard.csproj", "{DBC73DF7-1B4C-48BE-8B48-715297487E7A}"
EndProject
Project("{FAE04EC0-301F-11D3-BF4B-00C04F79EFBC}") = "WebRole", "Product\WebRole\WebRole.csproj", "{712D84EC-B2A6-46D1-B030-BA697AE5E554}"
EndProject
Project("{FAE04EC0-301F-11D3-BF4B-00C04F79EFBC}") = "Npm", "Product\Npm\Npm.csproj", "{E5EF4B0A-AB41-4B98-8FA8-98D6348003A8}"
EndProject
Project("{FAE04EC0-301F-11D3-BF4B-00C04F79EFBC}") = "TestAdapter", "Product\TestAdapter\TestAdapter.csproj", "{5085DF35-3A32-4894-835E-E5A3956D4F57}"
EndProject
Project("{FAE04EC0-301F-11D3-BF4B-00C04F79EFBC}") = "PressAnyKey", "Product\PressAnyKey\PressAnyKey.csproj", "{CB61D8BD-48DC-40F4-A4BA-5B68A10A7481}"
EndProject
Project("{FAE04EC0-301F-11D3-BF4B-00C04F79EFBC}") = "TestAdapterVsix", "Product\TestAdapterVsix\TestAdapterVsix.csproj", "{4EB09870-7422-4368-B8C8-74582764EAB3}"
EndProject
Project("{FAE04EC0-301F-11D3-BF4B-00C04F79EFBC}") = "NodejsToolsVsix", "Product\NodejsToolsVsix\NodejsToolsVsix.csproj", "{F3DB625F-EA2D-420F-BBC7-E4026CC6ECA3}"
EndProject
Project("{FAE04EC0-301F-11D3-BF4B-00C04F79EFBC}") = "TargetsVsix", "Product\TargetsVsix\TargetsVsix.csproj", "{CBA217C4-4338-4E50-9DEC-9227705F8124}"
EndProject
Project("{FAE04EC0-301F-11D3-BF4B-00C04F79EFBC}") = "TestAdapterShim", "Product\TestAdapterShim\TestAdapterShim.csproj", "{A9609A35-B083-41A9-A0E8-AA1E2C4DA9A9}"
EndProject
Project("{FAE04EC0-301F-11D3-BF4B-00C04F79EFBC}") = "NodejsTools", "Setup\NodejsTools.vsmanproj", "{D9BADB3D-B6E9-4A54-8196-9374CFB93DA9}"
	ProjectSection(ProjectDependencies) = postProject
		{F3DB625F-EA2D-420F-BBC7-E4026CC6ECA3} = {F3DB625F-EA2D-420F-BBC7-E4026CC6ECA3}
		{4EB09870-7422-4368-B8C8-74582764EAB3} = {4EB09870-7422-4368-B8C8-74582764EAB3}
		{CBA217C4-4338-4E50-9DEC-9227705F8124} = {CBA217C4-4338-4E50-9DEC-9227705F8124}
	EndProjectSection
EndProject
Project("{2150E333-8FDC-42A3-9474-1A3956D46DE8}") = "Setup", "Setup", "{8AB8B6AC-77EB-47E7-904F-422588542C4D}"
EndProject
Global
	GlobalSection(SolutionConfigurationPlatforms) = preSolution
		Debug|Any CPU = Debug|Any CPU
		Release|Any CPU = Release|Any CPU
	EndGlobalSection
	GlobalSection(ProjectConfigurationPlatforms) = postSolution
		{32EC5259-98DA-40CA-9E2D-1B1B2E966F88}.Debug|Any CPU.ActiveCfg = Debug|Any CPU
		{32EC5259-98DA-40CA-9E2D-1B1B2E966F88}.Debug|Any CPU.Build.0 = Debug|Any CPU
		{32EC5259-98DA-40CA-9E2D-1B1B2E966F88}.Release|Any CPU.ActiveCfg = Release|Any CPU
		{32EC5259-98DA-40CA-9E2D-1B1B2E966F88}.Release|Any CPU.Build.0 = Release|Any CPU
		{24A3887F-DA50-4989-8D6C-4A5B04D5D457}.Debug|Any CPU.ActiveCfg = Debug|Any CPU
		{24A3887F-DA50-4989-8D6C-4A5B04D5D457}.Debug|Any CPU.Build.0 = Debug|Any CPU
		{24A3887F-DA50-4989-8D6C-4A5B04D5D457}.Release|Any CPU.ActiveCfg = Release|Any CPU
		{24A3887F-DA50-4989-8D6C-4A5B04D5D457}.Release|Any CPU.Build.0 = Release|Any CPU
		{DBC73DF7-1B4C-48BE-8B48-715297487E7A}.Debug|Any CPU.ActiveCfg = Debug|Any CPU
		{DBC73DF7-1B4C-48BE-8B48-715297487E7A}.Debug|Any CPU.Build.0 = Debug|Any CPU
		{DBC73DF7-1B4C-48BE-8B48-715297487E7A}.Release|Any CPU.ActiveCfg = Release|Any CPU
		{DBC73DF7-1B4C-48BE-8B48-715297487E7A}.Release|Any CPU.Build.0 = Release|Any CPU
		{712D84EC-B2A6-46D1-B030-BA697AE5E554}.Debug|Any CPU.ActiveCfg = Debug|Any CPU
		{712D84EC-B2A6-46D1-B030-BA697AE5E554}.Debug|Any CPU.Build.0 = Debug|Any CPU
		{712D84EC-B2A6-46D1-B030-BA697AE5E554}.Release|Any CPU.ActiveCfg = Release|Any CPU
		{712D84EC-B2A6-46D1-B030-BA697AE5E554}.Release|Any CPU.Build.0 = Release|Any CPU
		{E5EF4B0A-AB41-4B98-8FA8-98D6348003A8}.Debug|Any CPU.ActiveCfg = Debug|Any CPU
		{E5EF4B0A-AB41-4B98-8FA8-98D6348003A8}.Debug|Any CPU.Build.0 = Debug|Any CPU
		{E5EF4B0A-AB41-4B98-8FA8-98D6348003A8}.Release|Any CPU.ActiveCfg = Release|Any CPU
		{E5EF4B0A-AB41-4B98-8FA8-98D6348003A8}.Release|Any CPU.Build.0 = Release|Any CPU
		{5085DF35-3A32-4894-835E-E5A3956D4F57}.Debug|Any CPU.ActiveCfg = Debug|Any CPU
		{5085DF35-3A32-4894-835E-E5A3956D4F57}.Debug|Any CPU.Build.0 = Debug|Any CPU
		{5085DF35-3A32-4894-835E-E5A3956D4F57}.Release|Any CPU.ActiveCfg = Release|Any CPU
		{5085DF35-3A32-4894-835E-E5A3956D4F57}.Release|Any CPU.Build.0 = Release|Any CPU
		{CB61D8BD-48DC-40F4-A4BA-5B68A10A7481}.Debug|Any CPU.ActiveCfg = Debug|Any CPU
		{CB61D8BD-48DC-40F4-A4BA-5B68A10A7481}.Debug|Any CPU.Build.0 = Debug|Any CPU
		{CB61D8BD-48DC-40F4-A4BA-5B68A10A7481}.Release|Any CPU.ActiveCfg = Release|Any CPU
		{CB61D8BD-48DC-40F4-A4BA-5B68A10A7481}.Release|Any CPU.Build.0 = Release|Any CPU
		{4EB09870-7422-4368-B8C8-74582764EAB3}.Debug|Any CPU.ActiveCfg = Debug|Any CPU
		{4EB09870-7422-4368-B8C8-74582764EAB3}.Debug|Any CPU.Build.0 = Debug|Any CPU
		{4EB09870-7422-4368-B8C8-74582764EAB3}.Release|Any CPU.ActiveCfg = Release|Any CPU
		{4EB09870-7422-4368-B8C8-74582764EAB3}.Release|Any CPU.Build.0 = Release|Any CPU
		{F3DB625F-EA2D-420F-BBC7-E4026CC6ECA3}.Debug|Any CPU.ActiveCfg = Debug|Any CPU
		{F3DB625F-EA2D-420F-BBC7-E4026CC6ECA3}.Debug|Any CPU.Build.0 = Debug|Any CPU
		{F3DB625F-EA2D-420F-BBC7-E4026CC6ECA3}.Release|Any CPU.ActiveCfg = Release|Any CPU
		{F3DB625F-EA2D-420F-BBC7-E4026CC6ECA3}.Release|Any CPU.Build.0 = Release|Any CPU
		{CBA217C4-4338-4E50-9DEC-9227705F8124}.Debug|Any CPU.ActiveCfg = Debug|Any CPU
		{CBA217C4-4338-4E50-9DEC-9227705F8124}.Debug|Any CPU.Build.0 = Debug|Any CPU
		{CBA217C4-4338-4E50-9DEC-9227705F8124}.Release|Any CPU.ActiveCfg = Release|Any CPU
		{CBA217C4-4338-4E50-9DEC-9227705F8124}.Release|Any CPU.Build.0 = Release|Any CPU
		{A9609A35-B083-41A9-A0E8-AA1E2C4DA9A9}.Debug|Any CPU.ActiveCfg = Debug|Any CPU
		{A9609A35-B083-41A9-A0E8-AA1E2C4DA9A9}.Debug|Any CPU.Build.0 = Debug|Any CPU
		{A9609A35-B083-41A9-A0E8-AA1E2C4DA9A9}.Release|Any CPU.ActiveCfg = Release|Any CPU
		{A9609A35-B083-41A9-A0E8-AA1E2C4DA9A9}.Release|Any CPU.Build.0 = Release|Any CPU
		{D9BADB3D-B6E9-4A54-8196-9374CFB93DA9}.Debug|Any CPU.ActiveCfg = Debug|Any CPU
		{D9BADB3D-B6E9-4A54-8196-9374CFB93DA9}.Debug|Any CPU.Build.0 = Debug|Any CPU
		{D9BADB3D-B6E9-4A54-8196-9374CFB93DA9}.Release|Any CPU.ActiveCfg = Release|Any CPU
		{D9BADB3D-B6E9-4A54-8196-9374CFB93DA9}.Release|Any CPU.Build.0 = Release|Any CPU
	EndGlobalSection
	GlobalSection(SolutionProperties) = preSolution
		HideSolutionNode = FALSE
	EndGlobalSection
	GlobalSection(NestedProjects) = preSolution
		{32EC5259-98DA-40CA-9E2D-1B1B2E966F88} = {F9719B35-F359-47A7-A2F8-34F42E53C809}
		{24A3887F-DA50-4989-8D6C-4A5B04D5D457} = {F9719B35-F359-47A7-A2F8-34F42E53C809}
		{DBC73DF7-1B4C-48BE-8B48-715297487E7A} = {F9719B35-F359-47A7-A2F8-34F42E53C809}
		{712D84EC-B2A6-46D1-B030-BA697AE5E554} = {F9719B35-F359-47A7-A2F8-34F42E53C809}
		{E5EF4B0A-AB41-4B98-8FA8-98D6348003A8} = {F9719B35-F359-47A7-A2F8-34F42E53C809}
		{5085DF35-3A32-4894-835E-E5A3956D4F57} = {F9719B35-F359-47A7-A2F8-34F42E53C809}
		{CB61D8BD-48DC-40F4-A4BA-5B68A10A7481} = {F9719B35-F359-47A7-A2F8-34F42E53C809}
		{4EB09870-7422-4368-B8C8-74582764EAB3} = {F9719B35-F359-47A7-A2F8-34F42E53C809}
		{F3DB625F-EA2D-420F-BBC7-E4026CC6ECA3} = {F9719B35-F359-47A7-A2F8-34F42E53C809}
		{CBA217C4-4338-4E50-9DEC-9227705F8124} = {F9719B35-F359-47A7-A2F8-34F42E53C809}
		{A9609A35-B083-41A9-A0E8-AA1E2C4DA9A9} = {F9719B35-F359-47A7-A2F8-34F42E53C809}
		{D9BADB3D-B6E9-4A54-8196-9374CFB93DA9} = {8AB8B6AC-77EB-47E7-904F-422588542C4D}
	EndGlobalSection
	GlobalSection(ExtensibilityGlobals) = postSolution
		SolutionGuid = {B1CAB318-7961-42BF-A7B1-FBDB3EC225E9}
	EndGlobalSection
EndGlobal
