
Microsoft Visual Studio Solution File, Format Version 12.00
# Visual Studio Version 17
VisualStudioVersion = 17.7.33708.523
MinimumVisualStudioVersion = 10.0.40219.1
Project("{FAE04EC0-301F-11D3-BF4B-00C04F79EFBC}") = "TestAdapterVsix", "Product\TestAdapterVsix\TestAdapterVsix.csproj", "{4EB09870-7422-4368-B8C8-74582764EAB3}"
EndProject
Project("{FAE04EC0-301F-11D3-BF4B-00C04F79EFBC}") = "TestAdapterImpl", "Product\TestAdapterImpl\TestAdapterImpl.csproj", "{5085DF35-3A32-4894-835E-E5A3956D4F57}"
EndProject
Project("{FAE04EC0-301F-11D3-BF4B-00C04F79EFBC}") = "TestAdapter", "Product\TestAdapter\TestAdapter.csproj", "{A9609A35-B083-41A9-A0E8-AA1E2C4DA9A9}"
EndProject
Global
	GlobalSection(SolutionConfigurationPlatforms) = preSolution
		Debug|Any CPU = Debug|Any CPU
		Release|Any CPU = Release|Any CPU
	EndGlobalSection
	GlobalSection(ProjectConfigurationPlatforms) = postSolution
		{4EB09870-7422-4368-B8C8-74582764EAB3}.Debug|Any CPU.ActiveCfg = Debug|Any CPU
		{4EB09870-7422-4368-B8C8-74582764EAB3}.Debug|Any CPU.Build.0 = Debug|Any CPU
		{4EB09870-7422-4368-B8C8-74582764EAB3}.Release|Any CPU.ActiveCfg = Release|Any CPU
		{4EB09870-7422-4368-B8C8-74582764EAB3}.Release|Any CPU.Build.0 = Release|Any CPU
		{5085DF35-3A32-4894-835E-E5A3956D4F57}.Debug|Any CPU.ActiveCfg = Debug|Any CPU
		{5085DF35-3A32-4894-835E-E5A3956D4F57}.Debug|Any CPU.Build.0 = Debug|Any CPU
		{5085DF35-3A32-4894-835E-E5A3956D4F57}.Release|Any CPU.ActiveCfg = Release|Any CPU
		{5085DF35-3A32-4894-835E-E5A3956D4F57}.Release|Any CPU.Build.0 = Release|Any CPU
		{A9609A35-B083-41A9-A0E8-AA1E2C4DA9A9}.Debug|Any CPU.ActiveCfg = Debug|Any CPU
		{A9609A35-B083-41A9-A0E8-AA1E2C4DA9A9}.Debug|Any CPU.Build.0 = Debug|Any CPU
		{A9609A35-B083-41A9-A0E8-AA1E2C4DA9A9}.Release|Any CPU.ActiveCfg = Release|Any CPU
		{A9609A35-B083-41A9-A0E8-AA1E2C4DA9A9}.Release|Any CPU.Build.0 = Release|Any CPU
	EndGlobalSection
	GlobalSection(SolutionProperties) = preSolution
		HideSolutionNode = FALSE
	EndGlobalSection
	GlobalSection(ExtensibilityGlobals) = postSolution
		SolutionGuid = {52F35026-ABC1-42FB-9546-4D2F7B69052C}
	EndGlobalSection
EndGlobal
