
Microsoft Visual Studio Solution File, Format Version 12.00
# Visual Studio Version 17
VisualStudioVersion = 17.0.31808.319
MinimumVisualStudioVersion = 10.0.40219.1
Project("{9092AA53-FB77-4645-B42D-1CCCA6BD08BD}") = "NodeAppWithTestsConfiguredPerFile", "NodeAppWithTestsConfiguredPerFile\NodeAppWithTestsConfiguredPerFile.njsproj", "{DF9427BB-3172-44F4-BA80-F3A534197707}"
EndProject
Project("{9092AA53-FB77-4645-B42D-1CCCA6BD08BD}") = "NodeAppWithTestsConfiguredOnProject", "NodeAppWithTestsConfiguredOnProject\NodeAppWithTestsConfiguredOnProject.njsproj", "{7173C4C3-2DBE-4658-B402-39E9BC73E632}"
EndProject
Project("{9092AA53-FB77-4645-B42D-1CCCA6BD08BD}") = "NodeAppWithAngularTests", "NodeAppWithAngularTests\NodeAppWithAngularTests.njsproj", "{F716CC2C-BEC1-4B36-BD46-3D337D98433B}"
EndProject
Project("{54A90642-561A-4BB1-A94E-469ADEE60C69}") = "reactappwithjesttestsjavascript", "reactappwithjesttestsjavascript\reactappwithjesttestsjavascript.esproj", "{50721CB2-A507-41C2-861C-3AC070BF3B43}"
EndProject
Project("{54A90642-561A-4BB1-A94E-469ADEE60C69}") = "reactappwithjestteststypescript", "reactappwithjestteststypescript\reactappwithjestteststypescript.esproj", "{DCFE0034-3CD8-47C6-BBF0-75FD3A068C81}"
EndProject
Global
	GlobalSection(SolutionConfigurationPlatforms) = preSolution
		Debug|Any CPU = Debug|Any CPU
		Release|Any CPU = Release|Any CPU
	EndGlobalSection
	GlobalSection(ProjectConfigurationPlatforms) = postSolution
		{DF9427BB-3172-44F4-BA80-F3A534197707}.Debug|Any CPU.ActiveCfg = Debug|Any CPU
		{DF9427BB-3172-44F4-BA80-F3A534197707}.Debug|Any CPU.Build.0 = Debug|Any CPU
		{DF9427BB-3172-44F4-BA80-F3A534197707}.Release|Any CPU.ActiveCfg = Release|Any CPU
		{DF9427BB-3172-44F4-BA80-F3A534197707}.Release|Any CPU.Build.0 = Release|Any CPU
		{7173C4C3-2DBE-4658-B402-39E9BC73E632}.Debug|Any CPU.ActiveCfg = Debug|Any CPU
		{7173C4C3-2DBE-4658-B402-39E9BC73E632}.Debug|Any CPU.Build.0 = Debug|Any CPU
		{7173C4C3-2DBE-4658-B402-39E9BC73E632}.Release|Any CPU.ActiveCfg = Release|Any CPU
		{7173C4C3-2DBE-4658-B402-39E9BC73E632}.Release|Any CPU.Build.0 = Release|Any CPU
		{F716CC2C-BEC1-4B36-BD46-3D337D98433B}.Debug|Any CPU.ActiveCfg = Debug|Any CPU
		{F716CC2C-BEC1-4B36-BD46-3D337D98433B}.Debug|Any CPU.Build.0 = Debug|Any CPU
		{F716CC2C-BEC1-4B36-BD46-3D337D98433B}.Release|Any CPU.ActiveCfg = Release|Any CPU
		{F716CC2C-BEC1-4B36-BD46-3D337D98433B}.Release|Any CPU.Build.0 = Release|Any CPU
		{50721CB2-A507-41C2-861C-3AC070BF3B43}.Debug|Any CPU.ActiveCfg = Debug|Any CPU
		{50721CB2-A507-41C2-861C-3AC070BF3B43}.Debug|Any CPU.Build.0 = Debug|Any CPU
		{50721CB2-A507-41C2-861C-3AC070BF3B43}.Debug|Any CPU.Deploy.0 = Debug|Any CPU
		{50721CB2-A507-41C2-861C-3AC070BF3B43}.Release|Any CPU.ActiveCfg = Release|Any CPU
		{50721CB2-A507-41C2-861C-3AC070BF3B43}.Release|Any CPU.Build.0 = Release|Any CPU
		{50721CB2-A507-41C2-861C-3AC070BF3B43}.Release|Any CPU.Deploy.0 = Release|Any CPU
		{DCFE0034-3CD8-47C6-BBF0-75FD3A068C81}.Debug|Any CPU.ActiveCfg = Debug|Any CPU
		{DCFE0034-3CD8-47C6-BBF0-75FD3A068C81}.Debug|Any CPU.Build.0 = Debug|Any CPU
		{DCFE0034-3CD8-47C6-BBF0-75FD3A068C81}.Debug|Any CPU.Deploy.0 = Debug|Any CPU
		{DCFE0034-3CD8-47C6-BBF0-75FD3A068C81}.Release|Any CPU.ActiveCfg = Release|Any CPU
		{DCFE0034-3CD8-47C6-BBF0-75FD3A068C81}.Release|Any CPU.Build.0 = Release|Any CPU
		{DCFE0034-3CD8-47C6-BBF0-75FD3A068C81}.Release|Any CPU.Deploy.0 = Release|Any CPU
	EndGlobalSection
	GlobalSection(SolutionProperties) = preSolution
		HideSolutionNode = FALSE
	EndGlobalSection
	GlobalSection(ExtensibilityGlobals) = postSolution
		SolutionGuid = {8AA985A5-D838-48F3-ABBD-361694CDF80A}
	EndGlobalSection
EndGlobal
